// !$*UTF8*$!
{
	archiveVersion = 1;
	classes = {
	};
	objectVersion = 77;
	objects = {

/* Begin PBXBuildFile section */
		A14EB7312D042300006CE3E5 /* IQKeyboardManagerSwift in Frameworks */ = {isa = PBXBuildFile; productRef = A14EB7302D042300006CE3E5 /* IQKeyboardManagerSwift */; };
		A1560A052D058D8E009474EB /* Playlist+CoreDataClass.swift in Sources */ = {isa = PBXBuildFile; fileRef = A1560A032D058D8E009474EB /* Playlist+CoreDataClass.swift */; };
		A1560A0C2D0595EE009474EB /* SDWebImage in Frameworks */ = {isa = PBXBuildFile; productRef = A1560A0B2D0595EE009474EB /* SDWebImage */; };
		A1560A132D05BF08009474EB /* PlaylistData+CoreDataClass.swift in Sources */ = {isa = PBXBuildFile; fileRef = A1560A112D05BF08009474EB /* PlaylistData+CoreDataClass.swift */; };
/* End PBXBuildFile section */

/* Begin PBXContainerItemProxy section */
		A123CC902D02F50A00C34C65 /* PBXContainerItemProxy */ = {
			isa = PBXContainerItemProxy;
			containerPortal = A123CC6E2D02F50900C34C65 /* Project object */;
			proxyType = 1;
			remoteGlobalIDString = A123CC752D02F50900C34C65;
			remoteInfo = GHinnotec;
		};
		A123CC9A2D02F50B00C34C65 /* PBXContainerItemProxy */ = {
			isa = PBXContainerItemProxy;
			containerPortal = A123CC6E2D02F50900C34C65 /* Project object */;
			proxyType = 1;
			remoteGlobalIDString = A123CC752D02F50900C34C65;
			remoteInfo = GHinnotec;
		};
/* End PBXContainerItemProxy section */

/* Begin PBXFileReference section */
		A123CC762D02F50900C34C65 /* GHinnotec.app */ = {isa = PBXFileReference; explicitFileType = wrapper.application; includeInIndex = 0; path = GHinnotec.app; sourceTree = BUILT_PRODUCTS_DIR; };
		A123CC8F2D02F50A00C34C65 /* GHinnotecTests.xctest */ = {isa = PBXFileReference; explicitFileType = wrapper.cfbundle; includeInIndex = 0; path = GHinnotecTests.xctest; sourceTree = BUILT_PRODUCTS_DIR; };
		A123CC992D02F50B00C34C65 /* GHinnotecUITests.xctest */ = {isa = PBXFileReference; explicitFileType = wrapper.cfbundle; includeInIndex = 0; path = GHinnotecUITests.xctest; sourceTree = BUILT_PRODUCTS_DIR; };
		A1560A032D058D8E009474EB /* Playlist+CoreDataClass.swift */ = {isa = PBXFileReference; lastKnownFileType = sourcecode.swift; path = "Playlist+CoreDataClass.swift"; sourceTree = "<group>"; };
		A1560A112D05BF08009474EB /* PlaylistData+CoreDataClass.swift */ = {isa = PBXFileReference; lastKnownFileType = sourcecode.swift; path = "PlaylistData+CoreDataClass.swift"; sourceTree = "<group>"; };
/* End PBXFileReference section */

/* Begin PBXFileSystemSynchronizedBuildFileExceptionSet section */
		A123CCA12D02F50B00C34C65 /* Exceptions for "GHinnotec" folder in "GHinnotec" target */ = {
			isa = PBXFileSystemSynchronizedBuildFileExceptionSet;
			membershipExceptions = (
				Info.plist,
			);
			target = A123CC752D02F50900C34C65 /* GHinnotec */;
		};
/* End PBXFileSystemSynchronizedBuildFileExceptionSet section */

/* Begin PBXFileSystemSynchronizedRootGroup section */
		A123CC782D02F50900C34C65 /* GHinnotec */ = {
			isa = PBXFileSystemSynchronizedRootGroup;
			exceptions = (
				A123CCA12D02F50B00C34C65 /* Exceptions for "GHinnotec" folder in "GHinnotec" target */,
			);
			path = GHinnotec;
			sourceTree = "<group>";
		};
		A123CC922D02F50A00C34C65 /* GHinnotecTests */ = {
			isa = PBXFileSystemSynchronizedRootGroup;
			path = GHinnotecTests;
			sourceTree = "<group>";
		};
		A123CC9C2D02F50B00C34C65 /* GHinnotecUITests */ = {
			isa = PBXFileSystemSynchronizedRootGroup;
			path = GHinnotecUITests;
			sourceTree = "<group>";
		};
/* End PBXFileSystemSynchronizedRootGroup section */

/* Begin PBXFrameworksBuildPhase section */
		A123CC732D02F50900C34C65 /* Frameworks */ = {
			isa = PBXFrameworksBuildPhase;
			buildActionMask = 2147483647;
			files = (
				A1560A0C2D0595EE009474EB /* SDWebImage in Frameworks */,
				A14EB7312D042300006CE3E5 /* IQKeyboardManagerSwift in Frameworks */,
			);
			runOnlyForDeploymentPostprocessing = 0;
		};
		A123CC8C2D02F50A00C34C65 /* Frameworks */ = {
			isa = PBXFrameworksBuildPhase;
			buildActionMask = 2147483647;
			files = (
			);
			runOnlyForDeploymentPostprocessing = 0;
		};
		A123CC962D02F50B00C34C65 /* Frameworks */ = {
			isa = PBXFrameworksBuildPhase;
			buildActionMask = 2147483647;
			files = (
			);
			runOnlyForDeploymentPostprocessing = 0;
		};
/* End PBXFrameworksBuildPhase section */

/* Begin PBXGroup section */
		A123CC6D2D02F50900C34C65 = {
			isa = PBXGroup;
			children = (
				A1560A112D05BF08009474EB /* PlaylistData+CoreDataClass.swift */,
				A1560A032D058D8E009474EB /* Playlist+CoreDataClass.swift */,
				A123CC782D02F50900C34C65 /* GHinnotec */,
				A123CC922D02F50A00C34C65 /* GHinnotecTests */,
				A123CC9C2D02F50B00C34C65 /* GHinnotecUITests */,
				A123CC772D02F50900C34C65 /* Products */,
			);
			sourceTree = "<group>";
		};
		A123CC772D02F50900C34C65 /* Products */ = {
			isa = PBXGroup;
			children = (
				A123CC762D02F50900C34C65 /* GHinnotec.app */,
				A123CC8F2D02F50A00C34C65 /* GHinnotecTests.xctest */,
				A123CC992D02F50B00C34C65 /* GHinnotecUITests.xctest */,
			);
			name = Products;
			sourceTree = "<group>";
		};
/* End PBXGroup section */

/* Begin PBXNativeTarget section */
		A123CC752D02F50900C34C65 /* GHinnotec */ = {
			isa = PBXNativeTarget;
			buildConfigurationList = A123CCA22D02F50B00C34C65 /* Build configuration list for PBXNativeTarget "GHinnotec" */;
			buildPhases = (
				A123CC722D02F50900C34C65 /* Sources */,
				A123CC732D02F50900C34C65 /* Frameworks */,
				A123CC742D02F50900C34C65 /* Resources */,
			);
			buildRules = (
			);
			dependencies = (
			);
			fileSystemSynchronizedGroups = (
				A123CC782D02F50900C34C65 /* GHinnotec */,
			);
			name = GHinnotec;
			packageProductDependencies = (
				A14EB7302D042300006CE3E5 /* IQKeyboardManagerSwift */,
				A1560A0B2D0595EE009474EB /* SDWebImage */,
			);
			productName = GHinnotec;
			productReference = A123CC762D02F50900C34C65 /* GHinnotec.app */;
			productType = "com.apple.product-type.application";
		};
		A123CC8E2D02F50A00C34C65 /* GHinnotecTests */ = {
			isa = PBXNativeTarget;
			buildConfigurationList = A123CCA72D02F50B00C34C65 /* Build configuration list for PBXNativeTarget "GHinnotecTests" */;
			buildPhases = (
				A123CC8B2D02F50A00C34C65 /* Sources */,
				A123CC8C2D02F50A00C34C65 /* Frameworks */,
				A123CC8D2D02F50A00C34C65 /* Resources */,
			);
			buildRules = (
			);
			dependencies = (
				A123CC912D02F50A00C34C65 /* PBXTargetDependency */,
			);
			fileSystemSynchronizedGroups = (
				A123CC922D02F50A00C34C65 /* GHinnotecTests */,
			);
			name = GHinnotecTests;
			packageProductDependencies = (
			);
			productName = GHinnotecTests;
			productReference = A123CC8F2D02F50A00C34C65 /* GHinnotecTests.xctest */;
			productType = "com.apple.product-type.bundle.unit-test";
		};
		A123CC982D02F50B00C34C65 /* GHinnotecUITests */ = {
			isa = PBXNativeTarget;
			buildConfigurationList = A123CCAA2D02F50B00C34C65 /* Build configuration list for PBXNativeTarget "GHinnotecUITests" */;
			buildPhases = (
				A123CC952D02F50B00C34C65 /* Sources */,
				A123CC962D02F50B00C34C65 /* Frameworks */,
				A123CC972D02F50B00C34C65 /* Resources */,
			);
			buildRules = (
			);
			dependencies = (
				A123CC9B2D02F50B00C34C65 /* PBXTargetDependency */,
			);
			fileSystemSynchronizedGroups = (
				A123CC9C2D02F50B00C34C65 /* GHinnotecUITests */,
			);
			name = GHinnotecUITests;
			packageProductDependencies = (
			);
			productName = GHinnotecUITests;
			productReference = A123CC992D02F50B00C34C65 /* GHinnotecUITests.xctest */;
			productType = "com.apple.product-type.bundle.ui-testing";
		};
/* End PBXNativeTarget section */

/* Begin PBXProject section */
		A123CC6E2D02F50900C34C65 /* Project object */ = {
			isa = PBXProject;
			attributes = {
				BuildIndependentTargetsInParallel = 1;
				LastSwiftUpdateCheck = 1610;
				LastUpgradeCheck = 1610;
				TargetAttributes = {
					A123CC752D02F50900C34C65 = {
						CreatedOnToolsVersion = 16.1;
					};
					A123CC8E2D02F50A00C34C65 = {
						CreatedOnToolsVersion = 16.1;
						TestTargetID = A123CC752D02F50900C34C65;
					};
					A123CC982D02F50B00C34C65 = {
						CreatedOnToolsVersion = 16.1;
						TestTargetID = A123CC752D02F50900C34C65;
					};
				};
			};
			buildConfigurationList = A123CC712D02F50900C34C65 /* Build configuration list for PBXProject "GHinnotec" */;
			developmentRegion = en;
			hasScannedForEncodings = 0;
			knownRegions = (
				en,
				Base,
			);
			mainGroup = A123CC6D2D02F50900C34C65;
			minimizedProjectReferenceProxies = 1;
			packageReferences = (
				A14EB72F2D042300006CE3E5 /* XCRemoteSwiftPackageReference "IQKeyboardManager" */,
				A1560A0A2D0595EE009474EB /* XCRemoteSwiftPackageReference "SDWebImage" */,
			);
			preferredProjectObjectVersion = 77;
			productRefGroup = A123CC772D02F50900C34C65 /* Products */;
			projectDirPath = "";
			projectRoot = "";
			targets = (
				A123CC752D02F50900C34C65 /* GHinnotec */,
				A123CC8E2D02F50A00C34C65 /* GHinnotecTests */,
				A123CC982D02F50B00C34C65 /* GHinnotecUITests */,
			);
		};
/* End PBXProject section */

/* Begin PBXResourcesBuildPhase section */
		A123CC742D02F50900C34C65 /* Resources */ = {
			isa = PBXResourcesBuildPhase;
			buildActionMask = 2147483647;
			files = (
			);
			runOnlyForDeploymentPostprocessing = 0;
		};
		A123CC8D2D02F50A00C34C65 /* Resources */ = {
			isa = PBXResourcesBuildPhase;
			buildActionMask = 2147483647;
			files = (
			);
			runOnlyForDeploymentPostprocessing = 0;
		};
		A123CC972D02F50B00C34C65 /* Resources */ = {
			isa = PBXResourcesBuildPhase;
			buildActionMask = 2147483647;
			files = (
			);
			runOnlyForDeploymentPostprocessing = 0;
		};
/* End PBXResourcesBuildPhase section */

/* Begin PBXSourcesBuildPhase section */
		A123CC722D02F50900C34C65 /* Sources */ = {
			isa = PBXSourcesBuildPhase;
			buildActionMask = 2147483647;
			files = (
				A1560A052D058D8E009474EB /* Playlist+CoreDataClass.swift in Sources */,
				A1560A132D05BF08009474EB /* PlaylistData+CoreDataClass.swift in Sources */,
			);
			runOnlyForDeploymentPostprocessing = 0;
		};
		A123CC8B2D02F50A00C34C65 /* Sources */ = {
			isa = PBXSourcesBuildPhase;
			buildActionMask = 2147483647;
			files = (
			);
			runOnlyForDeploymentPostprocessing = 0;
		};
		A123CC952D02F50B00C34C65 /* Sources */ = {
			isa = PBXSourcesBuildPhase;
			buildActionMask = 2147483647;
			files = (
			);
			runOnlyForDeploymentPostprocessing = 0;
		};
/* End PBXSourcesBuildPhase section */

/* Begin PBXTargetDependency section */
		A123CC912D02F50A00C34C65 /* PBXTargetDependency */ = {
			isa = PBXTargetDependency;
			target = A123CC752D02F50900C34C65 /* GHinnotec */;
			targetProxy = A123CC902D02F50A00C34C65 /* PBXContainerItemProxy */;
		};
		A123CC9B2D02F50B00C34C65 /* PBXTargetDependency */ = {
			isa = PBXTargetDependency;
			target = A123CC752D02F50900C34C65 /* GHinnotec */;
			targetProxy = A123CC9A2D02F50B00C34C65 /* PBXContainerItemProxy */;
		};
/* End PBXTargetDependency section */

/* Begin XCBuildConfiguration section */
		A123CCA32D02F50B00C34C65 /* Debug */ = {
			isa = XCBuildConfiguration;
			buildSettings = {
				ASSETCATALOG_COMPILER_APPICON_NAME = AppIcon;
				ASSETCATALOG_COMPILER_GLOBAL_ACCENT_COLOR_NAME = AccentColor;
				CODE_SIGN_STYLE = Automatic;
				CURRENT_PROJECT_VERSION = 1;
				GENERATE_INFOPLIST_FILE = YES;
				INFOPLIST_FILE = GHinnotec/Info.plist;
				INFOPLIST_KEY_UIApplicationSupportsIndirectInputEvents = YES;
				INFOPLIST_KEY_UILaunchStoryboardName = LaunchScreen;
				INFOPLIST_KEY_UIMainStoryboardFile = Main;
				INFOPLIST_KEY_UISupportedInterfaceOrientations_iPad = "UIInterfaceOrientationPortrait UIInterfaceOrientationPortraitUpsideDown UIInterfaceOrientationLandscapeLeft UIInterfaceOrientationLandscapeRight";
				INFOPLIST_KEY_UISupportedInterfaceOrientations_iPhone = "UIInterfaceOrientationPortrait UIInterfaceOrientationLandscapeLeft UIInterfaceOrientationLandscapeRight";
				INFOPLIST_KEY_UIUserInterfaceStyle = Light;
				IPHONEOS_DEPLOYMENT_TARGET = 15.6;
				LD_RUNPATH_SEARCH_PATHS = (
					"$(inherited)",
					"@executable_path/Frameworks",
				);
				MARKETING_VERSION = 1.0;
				PRODUCT_BUNDLE_IDENTIFIER = com.playlist.GHinnotec;
				PRODUCT_NAME = "$(TARGET_NAME)";
				SWIFT_EMIT_LOC_STRINGS = YES;
				SWIFT_VERSION = 4.2;
				TARGETED_DEVICE_FAMILY = "1,2";
			};
			name = Debug;
		};
		A123CCA42D02F50B00C34C65 /* Release */ = {
			isa = XCBuildConfiguration;
			buildSettings = {
				ASSETCATALOG_COMPILER_APPICON_NAME = AppIcon;
				ASSETCATALOG_COMPILER_GLOBAL_ACCENT_COLOR_NAME = AccentColor;
				CODE_SIGN_STYLE = Automatic;
				CURRENT_PROJECT_VERSION = 1;
				GENERATE_INFOPLIST_FILE = YES;
				INFOPLIST_FILE = GHinnotec/Info.plist;
				INFOPLIST_KEY_UIApplicationSupportsIndirectInputEvents = YES;
				INFOPLIST_KEY_UILaunchStoryboardName = LaunchScreen;
				INFOPLIST_KEY_UIMainStoryboardFile = Main;
				INFOPLIST_KEY_UISupportedInterfaceOrientations_iPad = "UIInterfaceOrientationPortrait UIInterfaceOrientationPortraitUpsideDown UIInterfaceOrientationLandscapeLeft UIInterfaceOrientationLandscapeRight";
				INFOPLIST_KEY_UISupportedInterfaceOrientations_iPhone = "UIInterfaceOrientationPortrait UIInterfaceOrientationLandscapeLeft UIInterfaceOrientationLandscapeRight";
				INFOPLIST_KEY_UIUserInterfaceStyle = Light;
				IPHONEOS_DEPLOYMENT_TARGET = 15.6;
				LD_RUNPATH_SEARCH_PATHS = (
					"$(inherited)",
					"@executable_path/Frameworks",
				);
				MARKETING_VERSION = 1.0;
				PRODUCT_BUNDLE_IDENTIFIER = com.playlist.GHinnotec;
				PRODUCT_NAME = "$(TARGET_NAME)";
				SWIFT_EMIT_LOC_STRINGS = YES;
				SWIFT_VERSION = 4.2;
				TARGETED_DEVICE_FAMILY = "1,2";
			};
			name = Release;
		};
		A123CCA52D02F50B00C34C65 /* Debug */ = {
			isa = XCBuildConfiguration;
			buildSettings = {
				ALWAYS_SEARCH_USER_PATHS = NO;
				ASSETCATALOG_COMPILER_GENERATE_SWIFT_ASSET_SYMBOL_EXTENSIONS = YES;
				CLANG_ANALYZER_NONNULL = YES;
				CLANG_ANALYZER_NUMBER_OBJECT_CONVERSION = YES_AGGRESSIVE;
				CLANG_CXX_LANGUAGE_STANDARD = "gnu++20";
				CLANG_ENABLE_MODULES = YES;
				CLANG_ENABLE_OBJC_ARC = YES;
				CLANG_ENABLE_OBJC_WEAK = YES;
				CLANG_WARN_BLOCK_CAPTURE_AUTORELEASING = YES;
				CLANG_WARN_BOOL_CONVERSION = YES;
				CLANG_WARN_COMMA = YES;
				CLANG_WARN_CONSTANT_CONVERSION = YES;
				CLANG_WARN_DEPRECATED_OBJC_IMPLEMENTATIONS = YES;
				CLANG_WARN_DIRECT_OBJC_ISA_USAGE = YES_ERROR;
				CLANG_WARN_DOCUMENTATION_COMMENTS = YES;
				CLANG_WARN_EMPTY_BODY = YES;
				CLANG_WARN_ENUM_CONVERSION = YES;
				CLANG_WARN_INFINITE_RECURSION = YES;
				CLANG_WARN_INT_CONVERSION = YES;
				CLANG_WARN_NON_LITERAL_NULL_CONVERSION = YES;
				CLANG_WARN_OBJC_IMPLICIT_RETAIN_SELF = YES;
				CLANG_WARN_OBJC_LITERAL_CONVERSION = YES;
				CLANG_WARN_OBJC_ROOT_CLASS = YES_ERROR;
				CLANG_WARN_QUOTED_INCLUDE_IN_FRAMEWORK_HEADER = YES;
				CLANG_WARN_RANGE_LOOP_ANALYSIS = YES;
				CLANG_WARN_STRICT_PROTOTYPES = YES;
				CLANG_WARN_SUSPICIOUS_MOVE = YES;
				CLANG_WARN_UNGUARDED_AVAILABILITY = YES_AGGRESSIVE;
				CLANG_WARN_UNREACHABLE_CODE = YES;
				CLANG_WARN__DUPLICATE_METHOD_MATCH = YES;
				COPY_PHASE_STRIP = NO;
				DEBUG_INFORMATION_FORMAT = dwarf;
				ENABLE_STRICT_OBJC_MSGSEND = YES;
				ENABLE_TESTABILITY = YES;
				ENABLE_USER_SCRIPT_SANDBOXING = YES;
				GCC_C_LANGUAGE_STANDARD = gnu17;
				GCC_DYNAMIC_NO_PIC = NO;
				GCC_NO_COMMON_BLOCKS = YES;
				GCC_OPTIMIZATION_LEVEL = 0;
				GCC_PREPROCESSOR_DEFINITIONS = (
					"DEBUG=1",
					"$(inherited)",
				);
				GCC_WARN_64_TO_32_BIT_CONVERSION = YES;
				GCC_WARN_ABOUT_RETURN_TYPE = YES_ERROR;
				GCC_WARN_UNDECLARED_SELECTOR = YES;
				GCC_WARN_UNINITIALIZED_AUTOS = YES_AGGRESSIVE;
				GCC_WARN_UNUSED_FUNCTION = YES;
				GCC_WARN_UNUSED_VARIABLE = YES;
				IPHONEOS_DEPLOYMENT_TARGET = 18.1;
				LOCALIZATION_PREFERS_STRING_CATALOGS = YES;
				MTL_ENABLE_DEBUG_INFO = INCLUDE_SOURCE;
				MTL_FAST_MATH = YES;
				ONLY_ACTIVE_ARCH = YES;
				SDKROOT = iphoneos;
				SWIFT_ACTIVE_COMPILATION_CONDITIONS = "DEBUG $(inherited)";
				SWIFT_OPTIMIZATION_LEVEL = "-Onone";
				SWIFT_VERSION = 4.2;
			};
			name = Debug;
		};
		A123CCA62D02F50B00C34C65 /* Release */ = {
			isa = XCBuildConfiguration;
			buildSettings = {
				ALWAYS_SEARCH_USER_PATHS = NO;
				ASSETCATALOG_COMPILER_GENERATE_SWIFT_ASSET_SYMBOL_EXTENSIONS = YES;
				CLANG_ANALYZER_NONNULL = YES;
				CLANG_ANALYZER_NUMBER_OBJECT_CONVERSION = YES_AGGRESSIVE;
				CLANG_CXX_LANGUAGE_STANDARD = "gnu++20";
				CLANG_ENABLE_MODULES = YES;
				CLANG_ENABLE_OBJC_ARC = YES;
				CLANG_ENABLE_OBJC_WEAK = YES;
				CLANG_WARN_BLOCK_CAPTURE_AUTORELEASING = YES;
				CLANG_WARN_BOOL_CONVERSION = YES;
				CLANG_WARN_COMMA = YES;
				CLANG_WARN_CONSTANT_CONVERSION = YES;
				CLANG_WARN_DEPRECATED_OBJC_IMPLEMENTATIONS = YES;
				CLANG_WARN_DIRECT_OBJC_ISA_USAGE = YES_ERROR;
				CLANG_WARN_DOCUMENTATION_COMMENTS = YES;
				CLANG_WARN_EMPTY_BODY = YES;
				CLANG_WARN_ENUM_CONVERSION = YES;
				CLANG_WARN_INFINITE_RECURSION = YES;
				CLANG_WARN_INT_CONVERSION = YES;
				CLANG_WARN_NON_LITERAL_NULL_CONVERSION = YES;
				CLANG_WARN_OBJC_IMPLICIT_RETAIN_SELF = YES;
				CLANG_WARN_OBJC_LITERAL_CONVERSION = YES;
				CLANG_WARN_OBJC_ROOT_CLASS = YES_ERROR;
				CLANG_WARN_QUOTED_INCLUDE_IN_FRAMEWORK_HEADER = YES;
				CLANG_WARN_RANGE_LOOP_ANALYSIS = YES;
				CLANG_WARN_STRICT_PROTOTYPES = YES;
				CLANG_WARN_SUSPICIOUS_MOVE = YES;
				CLANG_WARN_UNGUARDED_AVAILABILITY = YES_AGGRESSIVE;
				CLANG_WARN_UNREACHABLE_CODE = YES;
				CLANG_WARN__DUPLICATE_METHOD_MATCH = YES;
				COPY_PHASE_STRIP = NO;
				DEBUG_INFORMATION_FORMAT = "dwarf-with-dsym";
				ENABLE_NS_ASSERTIONS = NO;
				ENABLE_STRICT_OBJC_MSGSEND = YES;
				ENABLE_USER_SCRIPT_SANDBOXING = YES;
				GCC_C_LANGUAGE_STANDARD = gnu17;
				GCC_NO_COMMON_BLOCKS = YES;
				GCC_WARN_64_TO_32_BIT_CONVERSION = YES;
				GCC_WARN_ABOUT_RETURN_TYPE = YES_ERROR;
				GCC_WARN_UNDECLARED_SELECTOR = YES;
				GCC_WARN_UNINITIALIZED_AUTOS = YES_AGGRESSIVE;
				GCC_WARN_UNUSED_FUNCTION = YES;
				GCC_WARN_UNUSED_VARIABLE = YES;
				IPHONEOS_DEPLOYMENT_TARGET = 18.1;
				LOCALIZATION_PREFERS_STRING_CATALOGS = YES;
				MTL_ENABLE_DEBUG_INFO = NO;
				MTL_FAST_MATH = YES;
				SDKROOT = iphoneos;
				SWIFT_COMPILATION_MODE = wholemodule;
				SWIFT_VERSION = 4.2;
				VALIDATE_PRODUCT = YES;
			};
			name = Release;
		};
		A123CCA82D02F50B00C34C65 /* Debug */ = {
			isa = XCBuildConfiguration;
			buildSettings = {
				BUNDLE_LOADER = "$(TEST_HOST)";
				CODE_SIGN_STYLE = Automatic;
				CURRENT_PROJECT_VERSION = 1;
				GENERATE_INFOPLIST_FILE = YES;
				IPHONEOS_DEPLOYMENT_TARGET = 18.1;
				MARKETING_VERSION = 1.0;
				PRODUCT_BUNDLE_IDENTIFIER = com.playlist.GHinnotecTests;
				PRODUCT_NAME = "$(TARGET_NAME)";
				SWIFT_EMIT_LOC_STRINGS = NO;
				SWIFT_VERSION = 5.0;
				TARGETED_DEVICE_FAMILY = "1,2";
				TEST_HOST = "$(BUILT_PRODUCTS_DIR)/GHinnotec.app/$(BUNDLE_EXECUTABLE_FOLDER_PATH)/GHinnotec";
			};
			name = Debug;
		};
		A123CCA92D02F50B00C34C65 /* Release */ = {
			isa = XCBuildConfiguration;
			buildSettings = {
				BUNDLE_LOADER = "$(TEST_HOST)";
				CODE_SIGN_STYLE = Automatic;
				CURRENT_PROJECT_VERSION = 1;
				GENERATE_INFOPLIST_FILE = YES;
				IPHONEOS_DEPLOYMENT_TARGET = 18.1;
				MARKETING_VERSION = 1.0;
				PRODUCT_BUNDLE_IDENTIFIER = com.playlist.GHinnotecTests;
				PRODUCT_NAME = "$(TARGET_NAME)";
				SWIFT_EMIT_LOC_STRINGS = NO;
				SWIFT_VERSION = 5.0;
				TARGETED_DEVICE_FAMILY = "1,2";
				TEST_HOST = "$(BUILT_PRODUCTS_DIR)/GHinnotec.app/$(BUNDLE_EXECUTABLE_FOLDER_PATH)/GHinnotec";
			};
			name = Release;
		};
		A123CCAB2D02F50B00C34C65 /* Debug */ = {
			isa = XCBuildConfiguration;
			buildSettings = {
				CODE_SIGN_STYLE = Automatic;
				CURRENT_PROJECT_VERSION = 1;
				GENERATE_INFOPLIST_FILE = YES;
				MARKETING_VERSION = 1.0;
				PRODUCT_BUNDLE_IDENTIFIER = com.playlist.GHinnotecUITests;
				PRODUCT_NAME = "$(TARGET_NAME)";
				SWIFT_EMIT_LOC_STRINGS = NO;
				SWIFT_VERSION = 5.0;
				TARGETED_DEVICE_FAMILY = "1,2";
				TEST_TARGET_NAME = GHinnotec;
			};
			name = Debug;
		};
		A123CCAC2D02F50B00C34C65 /* Release */ = {
			isa = XCBuildConfiguration;
			buildSettings = {
				CODE_SIGN_STYLE = Automatic;
				CURRENT_PROJECT_VERSION = 1;
				GENERATE_INFOPLIST_FILE = YES;
				MARKETING_VERSION = 1.0;
				PRODUCT_BUNDLE_IDENTIFIER = com.playlist.GHinnotecUITests;
				PRODUCT_NAME = "$(TARGET_NAME)";
				SWIFT_EMIT_LOC_STRINGS = NO;
				SWIFT_VERSION = 5.0;
				TARGETED_DEVICE_FAMILY = "1,2";
				TEST_TARGET_NAME = GHinnotec;
			};
			name = Release;
		};
/* End XCBuildConfiguration section */

/* Begin XCConfigurationList section */
		A123CC712D02F50900C34C65 /* Build configuration list for PBXProject "GHinnotec" */ = {
			isa = XCConfigurationList;
			buildConfigurations = (
				A123CCA52D02F50B00C34C65 /* Debug */,
				A123CCA62D02F50B00C34C65 /* Release */,
			);
			defaultConfigurationIsVisible = 0;
			defaultConfigurationName = Release;
		};
		A123CCA22D02F50B00C34C65 /* Build configuration list for PBXNativeTarget "GHinnotec" */ = {
			isa = XCConfigurationList;
			buildConfigurations = (
				A123CCA32D02F50B00C34C65 /* Debug */,
				A123CCA42D02F50B00C34C65 /* Release */,
			);
			defaultConfigurationIsVisible = 0;
			defaultConfigurationName = Release;
		};
		A123CCA72D02F50B00C34C65 /* Build configuration list for PBXNativeTarget "GHinnotecTests" */ = {
			isa = XCConfigurationList;
			buildConfigurations = (
				A123CCA82D02F50B00C34C65 /* Debug */,
				A123CCA92D02F50B00C34C65 /* Release */,
			);
			defaultConfigurationIsVisible = 0;
			defaultConfigurationName = Release;
		};
		A123CCAA2D02F50B00C34C65 /* Build configuration list for PBXNativeTarget "GHinnotecUITests" */ = {
			isa = XCConfigurationList;
			buildConfigurations = (
				A123CCAB2D02F50B00C34C65 /* Debug */,
				A123CCAC2D02F50B00C34C65 /* Release */,
			);
			defaultConfigurationIsVisible = 0;
			defaultConfigurationName = Release;
		};
/* End XCConfigurationList section */

/* Begin XCRemoteSwiftPackageReference section */
		A14EB72F2D042300006CE3E5 /* XCRemoteSwiftPackageReference "IQKeyboardManager" */ = {
			isa = XCRemoteSwiftPackageReference;
			repositoryURL = "https://github.com/hackiftekhar/IQKeyboardManager.git";
			requirement = {
				kind = upToNextMajorVersion;
				minimumVersion = 8.0.0;
			};
		};
		A1560A0A2D0595EE009474EB /* XCRemoteSwiftPackageReference "SDWebImage" */ = {
			isa = XCRemoteSwiftPackageReference;
			repositoryURL = "https://github.com/SDWebImage/SDWebImage.git";
			requirement = {
				kind = upToNextMajorVersion;
				minimumVersion = 5.20.0;
			};
		};
/* End XCRemoteSwiftPackageReference section */

/* Begin XCSwiftPackageProductDependency section */
		A14EB7302D042300006CE3E5 /* IQKeyboardManagerSwift */ = {
			isa = XCSwiftPackageProductDependency;
			package = A14EB72F2D042300006CE3E5 /* XCRemoteSwiftPackageReference "IQKeyboardManager" */;
			productName = IQKeyboardManagerSwift;
		};
		A1560A0B2D0595EE009474EB /* SDWebImage */ = {
			isa = XCSwiftPackageProductDependency;
			package = A1560A0A2D0595EE009474EB /* XCRemoteSwiftPackageReference "SDWebImage" */;
			productName = SDWebImage;
		};
/* End XCSwiftPackageProductDependency section */
	};
	rootObject = A123CC6E2D02F50900C34C65 /* Project object */;
}
